
Microsoft Visual Studio Solution File, Format Version 12.00
# Visual Studio 15
VisualStudioVersion = 15.0.28010.2026
MinimumVisualStudioVersion = 10.0.40219.1
Project("{8BC9CEB8-8B4A-11D0-8D11-00A0C91BC942}") = "calc", "calc\calc.vcxproj", "{E393541B-00C9-4A4B-8B33-E53EC36BA7C3}"
EndProject
Global
	GlobalSection(SolutionConfigurationPlatforms) = preSolution
		Debug|x64 = Debug|x64
		Debug|x86 = Debug|x86
		Release|x64 = Release|x64
		Release|x86 = Release|x86
	EndGlobalSection
	GlobalSection(ProjectConfigurationPlatforms) = postSolution
		{E393541B-00C9-4A4B-8B33-E53EC36BA7C3}.Debug|x64.ActiveCfg = Debug|x64
		{E393541B-00C9-4A4B-8B33-E53EC36BA7C3}.Debug|x64.Build.0 = Debug|x64
		{E393541B-00C9-4A4B-8B33-E53EC36BA7C3}.Debug|x86.ActiveCfg = Debug|Win32
		{E393541B-00C9-4A4B-8B33-E53EC36BA7C3}.Debug|x86.Build.0 = Debug|Win32
		{E393541B-00C9-4A4B-8B33-E53EC36BA7C3}.Release|x64.ActiveCfg = Release|x64
		{E393541B-00C9-4A4B-8B33-E53EC36BA7C3}.Release|x64.Build.0 = Release|x64
		{E393541B-00C9-4A4B-8B33-E53EC36BA7C3}.Release|x86.ActiveCfg = Release|Win32
		{E393541B-00C9-4A4B-8B33-E53EC36BA7C3}.Release|x86.Build.0 = Release|Win32
	EndGlobalSection
	GlobalSection(SolutionProperties) = preSolution
		HideSolutionNode = FALSE
	EndGlobalSection
	GlobalSection(ExtensibilityGlobals) = postSolution
		SolutionGuid = {601180AC-8CAE-4BAC-B98D-B7E33677213D}
	EndGlobalSection
EndGlobal
